
Microsoft Visual Studio Solution File, Format Version 12.00
# Visual Studio Version 16
VisualStudioVersion = 16.0.28922.388
MinimumVisualStudioVersion = 10.0.40219.1
Project("{9A19103F-16F7-4668-BE54-9A1E7A4F7556}") = "ConsoleClientDemo", "ClientSide\ConsoleClientDemo\ConsoleClientDemo.csproj", "{51ADA3C0-060C-49B4-8FFB-800BB1F3D57E}"
EndProject
Project("{2150E333-8FDC-42A3-9474-1A3956D46DE8}") = "RPC_Share", "RPC_Share", "{CAA363EF-87D5-4F6A-BC99-A91C459599A1}"
EndProject
Project("{2150E333-8FDC-42A3-9474-1A3956D46DE8}") = "ServerSide", "ServerSide", "{F6212935-5B57-4E1D-97AE-BE140D0B4044}"
EndProject
Project("{2150E333-8FDC-42A3-9474-1A3956D46DE8}") = "ClientSide", "ClientSide", "{122598AF-5D50-4408-9E31-1B560B7506C5}"
EndProject
Project("{9A19103F-16F7-4668-BE54-9A1E7A4F7556}") = "HelloWorld.ShareInterface", "RPC_Share\HelloWorld.ShareInterface\HelloWorld.ShareInterface.csproj", "{17864AA1-7EFC-4D10-AF85-0E667D2F46B3}"
EndProject
Project("{9A19103F-16F7-4668-BE54-9A1E7A4F7556}") = "HelloWorld.Grain", "ServerSide\HelloWorld.Grain\HelloWorld.Grain.csproj", "{1F626E79-6B6F-46F8-877F-3AEA5540DB1C}"
EndProject
Project("{9A19103F-16F7-4668-BE54-9A1E7A4F7556}") = "LocalConsoleSiloHost", "ServerSide\LocalConsoleSiloHost\LocalConsoleSiloHost.csproj", "{936C3069-4B40-48AA-BBD2-9AD4D8CD6E98}"
	ProjectSection(ProjectDependencies) = postProject
		{E7151C21-33F8-407D-99E1-93F0C7E2CF3F} = {E7151C21-33F8-407D-99E1-93F0C7E2CF3F}
		{1F626E79-6B6F-46F8-877F-3AEA5540DB1C} = {1F626E79-6B6F-46F8-877F-3AEA5540DB1C}
	EndProjectSection
EndProject
Project("{9A19103F-16F7-4668-BE54-9A1E7A4F7556}") = "WebClientDemo", "ClientSide\WebClientDemo\WebClientDemo.csproj", "{D2BAF1F1-DC5F-43CF-BA89-328C0033B9C4}"
EndProject
Project("{2150E333-8FDC-42A3-9474-1A3956D46DE8}") = "Grains", "Grains", "{6032E46A-A6E2-453C-ABE5-4AACF2EB5D31}"
EndProject
Project("{9A19103F-16F7-4668-BE54-9A1E7A4F7556}") = "MyReminder.Grain", "ServerSide\MyReminder.Grain\MyReminder.Grain.csproj", "{E7151C21-33F8-407D-99E1-93F0C7E2CF3F}"
EndProject
Project("{9A19103F-16F7-4668-BE54-9A1E7A4F7556}") = "MyReminder.ShareInterface", "RPC_Share\MyReminder.ShareInterface\MyReminder.ShareInterface.csproj", "{52A3B6D3-2BE4-4CDA-A731-2F0CD1841B06}"
EndProject
Project("{9A19103F-16F7-4668-BE54-9A1E7A4F7556}") = "VisitTracker.Interface", "RPC_Share\VisitTracker.Interface\VisitTracker.Interface.csproj", "{2C536C7D-CAA8-4D66-9894-56741FC7EAF3}"
EndProject
Project("{E53339B2-1760-4266-BCC7-CA923CBCF16C}") = "docker-compose", "docker-compose.dcproj", "{3B915806-B6FD-45AB-94B6-976ABFD4BDA2}"
EndProject
Project("{2150E333-8FDC-42A3-9474-1A3956D46DE8}") = "docker_conf", "docker_conf", "{34387E05-9FB6-4DFB-9C35-4C6E373EEC48}"
	ProjectSection(SolutionItems) = preProject
		docker_conf\docker-compose.debug.yml = docker_conf\docker-compose.debug.yml
		docker_conf\silohost.env = docker_conf\silohost.env
		docker_conf\webclient.env = docker_conf\webclient.env
	EndProjectSection
EndProject
Global
	GlobalSection(SolutionConfigurationPlatforms) = preSolution
		Debug|Any CPU = Debug|Any CPU
		Release|Any CPU = Release|Any CPU
	EndGlobalSection
	GlobalSection(ProjectConfigurationPlatforms) = postSolution
		{51ADA3C0-060C-49B4-8FFB-800BB1F3D57E}.Debug|Any CPU.ActiveCfg = Debug|Any CPU
		{51ADA3C0-060C-49B4-8FFB-800BB1F3D57E}.Debug|Any CPU.Build.0 = Debug|Any CPU
		{51ADA3C0-060C-49B4-8FFB-800BB1F3D57E}.Release|Any CPU.ActiveCfg = Release|Any CPU
		{51ADA3C0-060C-49B4-8FFB-800BB1F3D57E}.Release|Any CPU.Build.0 = Release|Any CPU
		{17864AA1-7EFC-4D10-AF85-0E667D2F46B3}.Debug|Any CPU.ActiveCfg = Debug|Any CPU
		{17864AA1-7EFC-4D10-AF85-0E667D2F46B3}.Debug|Any CPU.Build.0 = Debug|Any CPU
		{17864AA1-7EFC-4D10-AF85-0E667D2F46B3}.Release|Any CPU.ActiveCfg = Release|Any CPU
		{17864AA1-7EFC-4D10-AF85-0E667D2F46B3}.Release|Any CPU.Build.0 = Release|Any CPU
		{1F626E79-6B6F-46F8-877F-3AEA5540DB1C}.Debug|Any CPU.ActiveCfg = Debug|Any CPU
		{1F626E79-6B6F-46F8-877F-3AEA5540DB1C}.Debug|Any CPU.Build.0 = Debug|Any CPU
		{1F626E79-6B6F-46F8-877F-3AEA5540DB1C}.Release|Any CPU.ActiveCfg = Release|Any CPU
		{1F626E79-6B6F-46F8-877F-3AEA5540DB1C}.Release|Any CPU.Build.0 = Release|Any CPU
		{936C3069-4B40-48AA-BBD2-9AD4D8CD6E98}.Debug|Any CPU.ActiveCfg = Debug|Any CPU
		{936C3069-4B40-48AA-BBD2-9AD4D8CD6E98}.Debug|Any CPU.Build.0 = Debug|Any CPU
		{936C3069-4B40-48AA-BBD2-9AD4D8CD6E98}.Release|Any CPU.ActiveCfg = Release|Any CPU
		{936C3069-4B40-48AA-BBD2-9AD4D8CD6E98}.Release|Any CPU.Build.0 = Release|Any CPU
		{D2BAF1F1-DC5F-43CF-BA89-328C0033B9C4}.Debug|Any CPU.ActiveCfg = Debug|Any CPU
		{D2BAF1F1-DC5F-43CF-BA89-328C0033B9C4}.Debug|Any CPU.Build.0 = Debug|Any CPU
		{D2BAF1F1-DC5F-43CF-BA89-328C0033B9C4}.Release|Any CPU.ActiveCfg = Release|Any CPU
		{D2BAF1F1-DC5F-43CF-BA89-328C0033B9C4}.Release|Any CPU.Build.0 = Release|Any CPU
		{E7151C21-33F8-407D-99E1-93F0C7E2CF3F}.Debug|Any CPU.ActiveCfg = Debug|Any CPU
		{E7151C21-33F8-407D-99E1-93F0C7E2CF3F}.Debug|Any CPU.Build.0 = Debug|Any CPU
		{E7151C21-33F8-407D-99E1-93F0C7E2CF3F}.Release|Any CPU.ActiveCfg = Release|Any CPU
		{E7151C21-33F8-407D-99E1-93F0C7E2CF3F}.Release|Any CPU.Build.0 = Release|Any CPU
		{52A3B6D3-2BE4-4CDA-A731-2F0CD1841B06}.Debug|Any CPU.ActiveCfg = Debug|Any CPU
		{52A3B6D3-2BE4-4CDA-A731-2F0CD1841B06}.Debug|Any CPU.Build.0 = Debug|Any CPU
		{52A3B6D3-2BE4-4CDA-A731-2F0CD1841B06}.Release|Any CPU.ActiveCfg = Release|Any CPU
		{52A3B6D3-2BE4-4CDA-A731-2F0CD1841B06}.Release|Any CPU.Build.0 = Release|Any CPU
		{2C536C7D-CAA8-4D66-9894-56741FC7EAF3}.Debug|Any CPU.ActiveCfg = Debug|Any CPU
		{2C536C7D-CAA8-4D66-9894-56741FC7EAF3}.Debug|Any CPU.Build.0 = Debug|Any CPU
		{2C536C7D-CAA8-4D66-9894-56741FC7EAF3}.Release|Any CPU.ActiveCfg = Release|Any CPU
		{2C536C7D-CAA8-4D66-9894-56741FC7EAF3}.Release|Any CPU.Build.0 = Release|Any CPU
		{3B915806-B6FD-45AB-94B6-976ABFD4BDA2}.Debug|Any CPU.ActiveCfg = Debug|Any CPU
		{3B915806-B6FD-45AB-94B6-976ABFD4BDA2}.Debug|Any CPU.Build.0 = Debug|Any CPU
		{3B915806-B6FD-45AB-94B6-976ABFD4BDA2}.Release|Any CPU.ActiveCfg = Release|Any CPU
		{3B915806-B6FD-45AB-94B6-976ABFD4BDA2}.Release|Any CPU.Build.0 = Release|Any CPU
	EndGlobalSection
	GlobalSection(SolutionProperties) = preSolution
		HideSolutionNode = FALSE
	EndGlobalSection
	GlobalSection(NestedProjects) = preSolution
		{51ADA3C0-060C-49B4-8FFB-800BB1F3D57E} = {122598AF-5D50-4408-9E31-1B560B7506C5}
		{17864AA1-7EFC-4D10-AF85-0E667D2F46B3} = {CAA363EF-87D5-4F6A-BC99-A91C459599A1}
		{1F626E79-6B6F-46F8-877F-3AEA5540DB1C} = {6032E46A-A6E2-453C-ABE5-4AACF2EB5D31}
		{936C3069-4B40-48AA-BBD2-9AD4D8CD6E98} = {F6212935-5B57-4E1D-97AE-BE140D0B4044}
		{D2BAF1F1-DC5F-43CF-BA89-328C0033B9C4} = {122598AF-5D50-4408-9E31-1B560B7506C5}
		{6032E46A-A6E2-453C-ABE5-4AACF2EB5D31} = {F6212935-5B57-4E1D-97AE-BE140D0B4044}
		{E7151C21-33F8-407D-99E1-93F0C7E2CF3F} = {6032E46A-A6E2-453C-ABE5-4AACF2EB5D31}
		{52A3B6D3-2BE4-4CDA-A731-2F0CD1841B06} = {CAA363EF-87D5-4F6A-BC99-A91C459599A1}
		{2C536C7D-CAA8-4D66-9894-56741FC7EAF3} = {CAA363EF-87D5-4F6A-BC99-A91C459599A1}
	EndGlobalSection
	GlobalSection(ExtensibilityGlobals) = postSolution
		SolutionGuid = {A6FA0BD6-611E-4F9B-B03A-8401D3881C28}
	EndGlobalSection
EndGlobal
